
Microsoft Visual Studio Solution File, Format Version 12.00
# Visual Studio Version 17
VisualStudioVersion = 17.12.35527.113
MinimumVisualStudioVersion = 10.0.40219.1
Project("{FAE04EC0-301F-11D3-BF4B-00C04F79EFBC}") = "NetSdrClientApp", "NetSdrClientApp\NetSdrClientApp.csproj", "{3CA739B1-888F-4B84-8E76-387640E3B3E9}"
EndProject
Project("{FAE04EC0-301F-11D3-BF4B-00C04F79EFBC}") = "NetSdrClientAppTests", "NetSdrClientAppTests\NetSdrClientAppTests.csproj", "{D0155366-89B4-4BA4-90E2-2ECC8C1EB915}"
EndProject
Project("{FAE04EC0-301F-11D3-BF4B-00C04F79EFBC}") = "EchoServer", "EchoServer\EchoServer.csproj", "{B3EF016D-46A2-4111-B572-D116F8CDDB7E}"
EndProject
Project("{FAE04EC0-301F-11D3-BF4B-00C04F79EFBC}") = "EchoServer.Tests", "EchoServer.Tests\EchoServer.Tests.csproj", "{445F9AE7-7D3F-4B7F-B957-70EF2562E83C}"
EndProject
Global
	GlobalSection(SolutionConfigurationPlatforms) = preSolution
		Debug|Any CPU = Debug|Any CPU
		Release|Any CPU = Release|Any CPU
	EndGlobalSection
	GlobalSection(ProjectConfigurationPlatforms) = postSolution
		{3CA739B1-888F-4B84-8E76-387640E3B3E9}.Debug|Any CPU.ActiveCfg = Debug|Any CPU
		{3CA739B1-888F-4B84-8E76-387640E3B3E9}.Debug|Any CPU.Build.0 = Debug|Any CPU
		{3CA739B1-888F-4B84-8E76-387640E3B3E9}.Release|Any CPU.ActiveCfg = Release|Any CPU
		{3CA739B1-888F-4B84-8E76-387640E3B3E9}.Release|Any CPU.Build.0 = Release|Any CPU
		{D0155366-89B4-4BA4-90E2-2ECC8C1EB915}.Debug|Any CPU.ActiveCfg = Debug|Any CPU
		{D0155366-89B4-4BA4-90E2-2ECC8C1EB915}.Debug|Any CPU.Build.0 = Debug|Any CPU
		{D0155366-89B4-4BA4-90E2-2ECC8C1EB915}.Release|Any CPU.ActiveCfg = Release|Any CPU
		{D0155366-89B4-4BA4-90E2-2ECC8C1EB915}.Release|Any CPU.Build.0 = Release|Any CPU
		{B3EF016D-46A2-4111-B572-D116F8CDDB7E}.Debug|Any CPU.ActiveCfg = Debug|Any CPU
		{B3EF016D-46A2-4111-B572-D116F8CDDB7E}.Debug|Any CPU.Build.0 = Debug|Any CPU
		{B3EF016D-46A2-4111-B572-D116F8CDDB7E}.Release|Any CPU.ActiveCfg = Release|Any CPU
		{B3EF016D-46A2-4111-B572-D116F8CDDB7E}.Release|Any CPU.Build.0 = Release|Any CPU
		{445F9AE7-7D3F-4B7F-B957-70EF2562E83C}.Debug|Any CPU.ActiveCfg = Debug|Any CPU
		{445F9AE7-7D3F-4B7F-B957-70EF2562E83C}.Debug|Any CPU.Build.0 = Debug|Any CPU
		{445F9AE7-7D3F-4B7F-B957-70EF2562E83C}.Release|Any CPU.ActiveCfg = Release|Any CPU
		{445F9AE7-7D3F-4B7F-B957-70EF2562E83C}.Release|Any CPU.Build.0 = Release|Any CPU
	EndGlobalSection
	GlobalSection(SolutionProperties) = preSolution
		HideSolutionNode = FALSE
	EndGlobalSection
	GlobalSection(ExtensibilityGlobals) = postSolution
		SolutionGuid = {257BFE15-36AC-4927-8B5F-C7556536E8CE}
	EndGlobalSection
EndGlobal
